
Microsoft Visual Studio Solution File, Format Version 12.00
# Visual Studio Version 17
VisualStudioVersion = 17.1.32210.238
MinimumVisualStudioVersion = 10.0.40219.1
Project("{9A19103F-16F7-4668-BE54-9A1E7A4F7556}") = "Restaurant_Common", "Restaurant_Common\Restaurant_Common.csproj", "{43B0BE62-B1D4-4509-9451-914A48B88058}"
EndProject
Project("{9A19103F-16F7-4668-BE54-9A1E7A4F7556}") = "Restaurant_WebApiServer", "Restaurant_WebApiServer\Restaurant_WebApiServer.csproj", "{65AB3AE8-1392-41C6-AC17-AEE23BBB0F45}"
EndProject
Project("{FAE04EC0-301F-11D3-BF4B-00C04F79EFBC}") = "Restaurant_CustomerWebClient", "Restaurant_CustomerWebClient\Restaurant_CustomerWebClient.csproj", "{48D3EC09-6C30-4C90-91F6-58AD02710B3C}"
EndProject
Global
	GlobalSection(SolutionConfigurationPlatforms) = preSolution
		Debug|Any CPU = Debug|Any CPU
		Release|Any CPU = Release|Any CPU
	EndGlobalSection
	GlobalSection(ProjectConfigurationPlatforms) = postSolution
		{43B0BE62-B1D4-4509-9451-914A48B88058}.Debug|Any CPU.ActiveCfg = Debug|Any CPU
		{43B0BE62-B1D4-4509-9451-914A48B88058}.Debug|Any CPU.Build.0 = Debug|Any CPU
		{43B0BE62-B1D4-4509-9451-914A48B88058}.Release|Any CPU.ActiveCfg = Release|Any CPU
		{43B0BE62-B1D4-4509-9451-914A48B88058}.Release|Any CPU.Build.0 = Release|Any CPU
		{65AB3AE8-1392-41C6-AC17-AEE23BBB0F45}.Debug|Any CPU.ActiveCfg = Debug|Any CPU
		{65AB3AE8-1392-41C6-AC17-AEE23BBB0F45}.Debug|Any CPU.Build.0 = Debug|Any CPU
		{65AB3AE8-1392-41C6-AC17-AEE23BBB0F45}.Release|Any CPU.ActiveCfg = Release|Any CPU
		{65AB3AE8-1392-41C6-AC17-AEE23BBB0F45}.Release|Any CPU.Build.0 = Release|Any CPU
		{48D3EC09-6C30-4C90-91F6-58AD02710B3C}.Debug|Any CPU.ActiveCfg = Debug|Any CPU
		{48D3EC09-6C30-4C90-91F6-58AD02710B3C}.Debug|Any CPU.Build.0 = Debug|Any CPU
		{48D3EC09-6C30-4C90-91F6-58AD02710B3C}.Release|Any CPU.ActiveCfg = Release|Any CPU
		{48D3EC09-6C30-4C90-91F6-58AD02710B3C}.Release|Any CPU.Build.0 = Release|Any CPU
	EndGlobalSection
	GlobalSection(SolutionProperties) = preSolution
		HideSolutionNode = FALSE
	EndGlobalSection
	GlobalSection(ExtensibilityGlobals) = postSolution
		SolutionGuid = {A5DE7E16-7783-4FE5-8CEA-D9D1936AB5B3}
	EndGlobalSection
EndGlobal
